
Microsoft Visual Studio Solution File, Format Version 12.00
# Visual Studio Version 17
VisualStudioVersion = 17.3.32901.215
MinimumVisualStudioVersion = 10.0.40219.1
Project("{FAE04EC0-301F-11D3-BF4B-00C04F79EFBC}") = "Ecommerce.WebUI", "Ecommerce.WebUI\Ecommerce.WebUI.csproj", "{A3BBB42C-3730-4540-93DD-9D20E3EE3213}"
EndProject
Project("{FAE04EC0-301F-11D3-BF4B-00C04F79EFBC}") = "Ecommerce.Core", "Ecommerce.Core\Ecommerce.Core.csproj", "{ABA12A1B-D07E-4196-BC39-C4C0109C2D49}"
EndProject
Project("{FAE04EC0-301F-11D3-BF4B-00C04F79EFBC}") = "Ecommerce.Entities", "Ecommerce.Entities\Ecommerce.Entities.csproj", "{B5828EB6-D3FA-41F5-B4A8-C5069FBCE69B}"
EndProject
Project("{FAE04EC0-301F-11D3-BF4B-00C04F79EFBC}") = "Ecommerce.Business", "Ecommerce.Business\Ecommerce.Business.csproj", "{7166E53D-18FD-40DD-8BC6-4915E9E640E8}"
EndProject
Project("{FAE04EC0-301F-11D3-BF4B-00C04F79EFBC}") = "Ecommerce.DataAccess", "Ecommerce.DataAccess\Ecommerce.DataAccess.csproj", "{E190723E-C161-4D73-AE5D-D120D51CF317}"
EndProject
Global
	GlobalSection(SolutionConfigurationPlatforms) = preSolution
		Debug|Any CPU = Debug|Any CPU
		Release|Any CPU = Release|Any CPU
	EndGlobalSection
	GlobalSection(ProjectConfigurationPlatforms) = postSolution
		{A3BBB42C-3730-4540-93DD-9D20E3EE3213}.Debug|Any CPU.ActiveCfg = Debug|Any CPU
		{A3BBB42C-3730-4540-93DD-9D20E3EE3213}.Debug|Any CPU.Build.0 = Debug|Any CPU
		{A3BBB42C-3730-4540-93DD-9D20E3EE3213}.Release|Any CPU.ActiveCfg = Release|Any CPU
		{A3BBB42C-3730-4540-93DD-9D20E3EE3213}.Release|Any CPU.Build.0 = Release|Any CPU
		{ABA12A1B-D07E-4196-BC39-C4C0109C2D49}.Debug|Any CPU.ActiveCfg = Debug|Any CPU
		{ABA12A1B-D07E-4196-BC39-C4C0109C2D49}.Debug|Any CPU.Build.0 = Debug|Any CPU
		{ABA12A1B-D07E-4196-BC39-C4C0109C2D49}.Release|Any CPU.ActiveCfg = Release|Any CPU
		{ABA12A1B-D07E-4196-BC39-C4C0109C2D49}.Release|Any CPU.Build.0 = Release|Any CPU
		{B5828EB6-D3FA-41F5-B4A8-C5069FBCE69B}.Debug|Any CPU.ActiveCfg = Debug|Any CPU
		{B5828EB6-D3FA-41F5-B4A8-C5069FBCE69B}.Debug|Any CPU.Build.0 = Debug|Any CPU
		{B5828EB6-D3FA-41F5-B4A8-C5069FBCE69B}.Release|Any CPU.ActiveCfg = Release|Any CPU
		{B5828EB6-D3FA-41F5-B4A8-C5069FBCE69B}.Release|Any CPU.Build.0 = Release|Any CPU
		{7166E53D-18FD-40DD-8BC6-4915E9E640E8}.Debug|Any CPU.ActiveCfg = Debug|Any CPU
		{7166E53D-18FD-40DD-8BC6-4915E9E640E8}.Debug|Any CPU.Build.0 = Debug|Any CPU
		{7166E53D-18FD-40DD-8BC6-4915E9E640E8}.Release|Any CPU.ActiveCfg = Release|Any CPU
		{7166E53D-18FD-40DD-8BC6-4915E9E640E8}.Release|Any CPU.Build.0 = Release|Any CPU
		{E190723E-C161-4D73-AE5D-D120D51CF317}.Debug|Any CPU.ActiveCfg = Debug|Any CPU
		{E190723E-C161-4D73-AE5D-D120D51CF317}.Debug|Any CPU.Build.0 = Debug|Any CPU
		{E190723E-C161-4D73-AE5D-D120D51CF317}.Release|Any CPU.ActiveCfg = Release|Any CPU
		{E190723E-C161-4D73-AE5D-D120D51CF317}.Release|Any CPU.Build.0 = Release|Any CPU
	EndGlobalSection
	GlobalSection(SolutionProperties) = preSolution
		HideSolutionNode = FALSE
	EndGlobalSection
	GlobalSection(ExtensibilityGlobals) = postSolution
		SolutionGuid = {F2791236-87C5-4B95-84A8-77D34E60B127}
	EndGlobalSection
EndGlobal
